{
  "pins" : [
    {
      "identity" : "ios-training",
      "kind" : "remoteSourceControl",
      "location" : "https://github.com/yumemi-inc/ios-training",
      "state" : {
        "revision" : "fe33d2f97ef9d35b1c8650a0abc19cb18e4f8e6a",
        "version" : "1.0.4"
      }
    }
  ],
  "version" : 2
}
